github.com/cenkalti/backoff v2.2.1+incompatible h1:tNowT99t7UNflLxfYYSlKYsBpXdEet03Pg2g16Swow4=
github.com/cenkalti/backoff v2.2.1+incompatible/go.mod h1:90ReRw6GdpyfrHakVjL/QHaoyV4aDUVVkXQJJJ3NXXM=
github.com/davecgh/go-spew v1.1.1/go.mod h1:J7Y8YcW2NihsgmVo/mv3lAwl/skON4iLHjSsI+c5H38=
github.com/eknkc/amber v0.0.0-20171010120322-cdade1c07385/go.mod h1:0vRUJqYpeSZifjYj7uP3BG/gKcuzL9xWVV/Y+cK33KM=
github.com/garyburd/redigo v1.6.0 h1:0VruCpn7yAIIu7pWVClQC8wxCJEcG3nyzpMSHKi1PQc=
github.com/garyburd/redigo v1.6.0/go.mod h1:NR3MbYisc3/PwhQ00EMzDiPmrwpPxAn5GI05/YaO1SY=
github.com/go-sql-driver/mysql v1.4.0/go.mod h1:zAC/RDZ24gD3HViQzih4MyKcchzm+sOG5ZlKdlhCg5w=
github.com/jmoiron/sqlx v1.2.0 h1:41Ip0zITnmWNR/vHV+S4m+VoUivnWY5E4OJfLZjCJMA=
github.com/jmoiron/sqlx v1.2.0/go.mod h1:1FEQNm3xlJgrMD+FBdI9+xvCksHtbpVBBw5dYhBSsks=
github.com/johntdyer/slack-go v0.0.0-20180213144715-95fac1160b22 h1:jKUP9TQ0c7X3w6+IPyMit07RE42MtTWNd77sN2cHngQ=
github.com/johntdyer/slack-go v0.0.0-20180213144715-95fac1160b22/go.mod h1:u0Jo4f2dNlTJeeOywkM6bLwxq6gC3pZ9rEFHn3AhTdk=
github.com/johntdyer/slackrus v0.0.0-20180518184837-f7aae3243a07 h1:+kBG/8rjCa6vxJZbUjAiE4MQmBEBYc8nLEb51frnvBY=
github.com/johntdyer/slackrus v0.0.0-20180518184837-f7aae3243a07/go.mod h1:j1kV/8f3jowErEq4XyeypkCdvg5EeHkf0YCKCcq5Ybo=
github.com/joho/godotenv v1.3.0 h1:Zjp+RcGpHhGlrMbJzXTrZZPrWj+1vfm90La1wgB6Bhc=
github.com/joho/godotenv v1.3.0/go.mod h1:7hK45KPybAkOC6peb+G5yklZfMxEjkZhHbwpqxOKXbg=
github.com/konsorten/go-windows-terminal-sequences v1.0.1/go.mod h1:T0+1ngSBFLxvqU3pZ+m/2kptfBszLMUkC4ZK/EgS/cQ=
github.com/lib/pq v1.0.0/go.mod h1:5WUZQaWbwv1U+lTReE5YruASi9Al49XbQIvNi/34Woo=
github.com/lib/pq v1.2.0 h1:LXpIM/LZ5xGFhOpXAQUIMM1HdyqzVYM13zNdjCEEcA0=
github.com/lib/pq v1.2.0/go.mod h1:5WUZQaWbwv1U+lTReE5YruASi9Al49XbQIvNi/34Woo=
github.com/mattn/go-sqlite3 v1.9.0/go.mod h1:FPy6KqzDD04eiIsT53CuJW3U88zkxoIYsOqkbpncsNc=
github.com/mgutz/logxi v0.0.0-20161027140823-aebf8a7d67ab h1:n8cgpHzJ5+EDyDri2s/GC7a9+qK3/YEGnBsd0uS/8PY=
github.com/mgutz/str v1.2.0 h1:4IzWSdIz9qPQWLfKZ0rJcV0jcUDpxvP4JVZ4GXQyvSw=
github.com/mgutz/str v1.2.0/go.mod h1:w1v0ofgLaJdoD0HpQ3fycxKD1WtxpjSo151pK/31q6w=
github.com/nerdynz/dat v1.1.11 h1:70X3mQJnBOaNVGs8od5avu3M3DvM/Pj+nJYfaHiM8L4=
github.com/nerdynz/dat v1.1.11/go.mod h1:+lu6obvKWGILi/FvGpWeoHV/1C/nkR3Twol5AYFHQhA=
github.com/pmezard/go-difflib v1.0.0/go.mod h1:iKH77koFhYxTK1pcRnkKkqfTogsbg7gZNVY4sRDYZ/4=
github.com/pmylund/go-cache v2.1.0+incompatible h1:n+7K51jLz6a3sCvff3BppuCAkixuDHuJ/C57Vw/XjTE=
github.com/pmylund/go-cache v2.1.0+incompatible/go.mod h1:hmz95dGvINpbRZGsqPcd7B5xXY5+EKb5PpGhQY3NTHk=
github.com/satori/go.uuid v1.2.0 h1:0uYX9dsZ2yD7q2RtLRtPSdGDWzjeM3TbMJP9utgA0ww=
github.com/satori/go.uuid v1.2.0/go.mod h1:dA0hQrYB0VpLJoorglMZABFdXlWrHn1NEOzdhQKdks0=
github.com/sirupsen/logrus v1.4.2 h1:SPIRibHv4MatM3XXNO2BJeFLZwZ2LvZgfQ5+UNI2im4=
github.com/sirupsen/logrus v1.4.2/go.mod h1:tLMulIdttU9McNUspp0xgXVQah82FyeX6MwdIuYE2rE=
github.com/stretchr/objx v0.1.1/go.mod h1:HFkY916IF+rwdDfMAkV7OtwuqBVzrE8GR6GFx+wExME=
github.com/stretchr/testify v1.2.2/go.mod h1:a8OnRcib4nhh0OaRAV+Yts87kKdq0PP7pXfy6kDkUVs=
github.com/unrolled/render v1.0.1 h1:VDDnQQVfBMsOsp3VaCJszSO0nkBIVEYoPWeRThk9spY=
github.com/unrolled/render v1.0.1/go.mod h1:gN9T0NhL4Bfbwu8ann7Ry/TGHYfosul+J0obPf6NBdM=
golang.org/x/sys v0.0.0-20190422165155-953cdadca894 h1:Cz4ceDQGXuKRnVBDTS23GTn/pU5OE2C0WrNTOYK1Uuc=
golang.org/x/sys v0.0.0-20190422165155-953cdadca894/go.mod h1:h1NjWce9XRLGQEsW7wpKNCjG9DtNlClVuFLEZdDNbEs=
gopkg.in/mattes/migrate.v1 v1.3.2 h1:tWus4MPMhDY/htX+NCvASiQVRU2pj4Jyj4T8AIv6vUw=
gopkg.in/mattes/migrate.v1 v1.3.2/go.mod h1:9MM/XKbic94WtsLpsWJqUBGrOE+x9nxBI8hfKAfSAF0=
gopkg.in/mgutz/dat.v1 v1.1.11 h1:eWTpg57YNHupW4qhPC3j9FXGtyZ4aZ6/7TevhVNT9pw=
gopkg.in/mgutz/dat.v1 v1.1.11/go.mod h1:/aoJEN48UesEhBJIf5E2TemqmsL7LEonKVindr+V2SE=
gopkg.in/redis.v5 v5.2.9 h1:MNZYOLPomQzZMfpN3ZtD1uyJ2IDonTTlxYiV/pEApiw=
gopkg.in/redis.v5 v5.2.9/go.mod h1:6gtv0/+A4iM08kdRfocWYB3bLX2tebpNtfKlFT6H4mY=
